<Solution>
  <Folder Name="/src/">
    <Project Path="src/FindThatBook.Api/FindThatBook.Api.csproj" />
    <Project Path="src/FindThatBook.Application/FindThatBook.Application.csproj" />
    <Project Path="src/FindThatBook.Domain/FindThatBook.Domain.csproj" />
    <Project Path="src/FindThatBook.Infrastructure/FindThatBook.Infrastructure.csproj" />
  </Folder>
  <Folder Name="/tests/">
    <Project Path="tests/FindThatBook.Tests/FindThatBook.Tests.csproj" />
  </Folder>
</Solution>
